{"1.1.0",
[{<<"goldrush">>,{pkg,<<"goldrush">>,<<"0.1.9">>},1},
 {<<"lager">>,{pkg,<<"lager">>,<<"3.8.0">>},0},
 {<<"mnesia_rocksdb">>,
  {git,"https://github.com/arknode-io/mnesia_rocksdb.git",
       {ref,"e17831225c9909cc5e1e25f4eaccab89729beefd"}},
  0},
 {<<"quickrand">>,{pkg,<<"quickrand">>,<<"1.7.5">>},1},
 {<<"rocksdb">>,{pkg,<<"rocksdb">>,<<"1.4.0">>},1},
 {<<"sext">>,{pkg,<<"sext">>,<<"1.4.1">>},1},
 {<<"uuid">>,{pkg,<<"uuid_erl">>,<<"1.7.5">>},0}]}.
[
{pkg_hash,[
 {<<"goldrush">>, <<"F06E5D5F1277DA5C413E84D5A2924174182FB108DABB39D5EC548B27424CD106">>},
 {<<"lager">>, <<"3402B9A7E473680CA179FC2F1D827CAB88DD37DD1E6113090C6F45EF05228A1C">>},
 {<<"quickrand">>, <<"E3086A153EB13A057FC19192D05E2D4C6BB2BDBB55746A699BEAE9847AC17CA8">>},
 {<<"rocksdb">>, <<"F8E817D475E10A05B8BEB4A67E944A2FAB0029CBB0646CC93C503D931A062F11">>},
 {<<"sext">>, <<"14559B219FAF11F9EBA7A350DFFC69C966C668439C54947A42D67167002798C4">>},
 {<<"uuid">>, <<"3862FF9A21C42566DFD0376B97512FA202922897129E09A05E2AFA0D9CAFD97A">>}]}
].
