{"1.1.0",
[{<<"eleveldb">>,
  {git,"https://github.com/basho/eleveldb.git",
       {ref,"7920245fd112d2ab5c6416cf827c8f0f82b6530c"}},
  0},
 {<<"goldrush">>,{pkg,<<"goldrush">>,<<"0.1.9">>},1},
 {<<"lager">>,
  {git,"https://github.com/erlang-lager/lager.git",
       {ref,"bf60290101306b3cc26544d0d181a5cff8931e82"}},
  0},
 {<<"mnesia_eleveldb">>,
  {git,"https://github.com/klarna/mnesia_eleveldb.git",
       {ref,"0d3401ff4ed15436356f67b3d75e44ca520e4729"}},
  0},
 {<<"mnesia_rocksdb">>,
  {git,"https://github.com/aeternity/mnesia_rocksdb.git",
       {ref,"ad8e7b63cad473558377ce4a1c89ba07f09c0b21"}},
  0},
 {<<"proper">>,
  {git,"https://github.com/manopapad/proper.git",
       {ref,"3d74fde55450609bf11ba37bb28835375a2a5708"}},
  1},
 {<<"quickrand">>,
  {git,"https://github.com/okeuday/quickrand.git",
       {ref,"6f3d611c04e1cd734e8287b358f0f458b4f88662"}},
  1},
 {<<"rocksdb">>,{pkg,<<"rocksdb">>,<<"0.24.0">>},1},
 {<<"sext">>,{pkg,<<"sext">>,<<"1.4.1">>},1},
 {<<"uuid">>,
  {git,"https://github.com/okeuday/uuid.git",
       {ref,"fd20692d4fd6b72db029208dbc0e1a41b35de641"}},
  0}]}.
[
{pkg_hash,[
 {<<"goldrush">>, <<"F06E5D5F1277DA5C413E84D5A2924174182FB108DABB39D5EC548B27424CD106">>},
 {<<"rocksdb">>, <<"1FC862628B95A0D3AF05FAB709858AC1FA4199C0722BC4652236B0949304A04D">>},
 {<<"sext">>, <<"14559B219FAF11F9EBA7A350DFFC69C966C668439C54947A42D67167002798C4">>}]}
].
